
Microsoft Visual Studio Solution File, Format Version 12.00
# Visual Studio Version 16
VisualStudioVersion = 16.0.31729.503
MinimumVisualStudioVersion = 10.0.40219.1
Project("{FAE04EC0-301F-11D3-BF4B-00C04F79EFBC}") = "ConsoleApp_cameras", "ConsoleApp_cameras\ConsoleApp_cameras.csproj", "{CA7A45A4-3BD5-4FBD-81D6-82A8468142AF}"
EndProject
Global
	GlobalSection(SolutionConfigurationPlatforms) = preSolution
		Debug|Any CPU = Debug|Any CPU
		Release|Any CPU = Release|Any CPU
	EndGlobalSection
	GlobalSection(ProjectConfigurationPlatforms) = postSolution
		{CA7A45A4-3BD5-4FBD-81D6-82A8468142AF}.Debug|Any CPU.ActiveCfg = Debug|Any CPU
		{CA7A45A4-3BD5-4FBD-81D6-82A8468142AF}.Debug|Any CPU.Build.0 = Debug|Any CPU
		{CA7A45A4-3BD5-4FBD-81D6-82A8468142AF}.Release|Any CPU.ActiveCfg = Release|Any CPU
		{CA7A45A4-3BD5-4FBD-81D6-82A8468142AF}.Release|Any CPU.Build.0 = Release|Any CPU
	EndGlobalSection
	GlobalSection(SolutionProperties) = preSolution
		HideSolutionNode = FALSE
	EndGlobalSection
	GlobalSection(ExtensibilityGlobals) = postSolution
		SolutionGuid = {2A6EF0C2-6305-48D9-AFD4-D3C6CBA3A5D1}
	EndGlobalSection
EndGlobal
